// !$*UTF8*$!
{
	archiveVersion = 1;
	classes = {
	};
	objectVersion = 77;
	objects = {

/* Begin PBXContainerItemProxy section */
		8CCB64762DCDFBA000A5F813 /* PBXContainerItemProxy */ = {
			isa = PBXContainerItemProxy;
			containerPortal = 8CCB645D2DCDFB9D00A5F813 /* Project object */;
			proxyType = 1;
			remoteGlobalIDString = 8CCB64642DCDFB9D00A5F813;
			remoteInfo = CatImageDemo;
		};
		8CCB64802DCDFBA000A5F813 /* PBXContainerItemProxy */ = {
			isa = PBXContainerItemProxy;
			containerPortal = 8CCB645D2DCDFB9D00A5F813 /* Project object */;
			proxyType = 1;
			remoteGlobalIDString = 8CCB64642DCDFB9D00A5F813;
			remoteInfo = CatImageDemo;
		};
/* End PBXContainerItemProxy section */

/* Begin PBXFileReference section */
		8CCB64652DCDFB9D00A5F813 /* CatImageDemo.app */ = {isa = PBXFileReference; explicitFileType = wrapper.application; includeInIndex = 0; path = CatImageDemo.app; sourceTree = BUILT_PRODUCTS_DIR; };
		8CCB64752DCDFBA000A5F813 /* CatImageDemoTests.xctest */ = {isa = PBXFileReference; explicitFileType = wrapper.cfbundle; includeInIndex = 0; path = CatImageDemoTests.xctest; sourceTree = BUILT_PRODUCTS_DIR; };
		8CCB647F2DCDFBA000A5F813 /* CatImageDemoUITests.xctest */ = {isa = PBXFileReference; explicitFileType = wrapper.cfbundle; includeInIndex = 0; path = CatImageDemoUITests.xctest; sourceTree = BUILT_PRODUCTS_DIR; };
/* End PBXFileReference section */

/* Begin PBXFileSystemSynchronizedBuildFileExceptionSet section */
		8CCB66542DCF4E7C00A5F813 /* Exceptions for "CatImageDemo" folder in "CatImageDemo" target */ = {
			isa = PBXFileSystemSynchronizedBuildFileExceptionSet;
			membershipExceptions = (
				Info.plist,
			);
			target = 8CCB64642DCDFB9D00A5F813 /* CatImageDemo */;
		};
/* End PBXFileSystemSynchronizedBuildFileExceptionSet section */

/* Begin PBXFileSystemSynchronizedRootGroup section */
		8CCB64672DCDFB9D00A5F813 /* CatImageDemo */ = {
			isa = PBXFileSystemSynchronizedRootGroup;
			exceptions = (
				8CCB66542DCF4E7C00A5F813 /* Exceptions for "CatImageDemo" folder in "CatImageDemo" target */,
			);
			path = CatImageDemo;
			sourceTree = "<group>";
		};
		8CCB64782DCDFBA000A5F813 /* CatImageDemoTests */ = {
			isa = PBXFileSystemSynchronizedRootGroup;
			path = CatImageDemoTests;
			sourceTree = "<group>";
		};
		8CCB64822DCDFBA000A5F813 /* CatImageDemoUITests */ = {
			isa = PBXFileSystemSynchronizedRootGroup;
			path = CatImageDemoUITests;
			sourceTree = "<group>";
		};
/* End PBXFileSystemSynchronizedRootGroup section */

/* Begin PBXFrameworksBuildPhase section */
		8CCB64622DCDFB9D00A5F813 /* Frameworks */ = {
			isa = PBXFrameworksBuildPhase;
			buildActionMask = 2147483647;
			files = (
			);
			runOnlyForDeploymentPostprocessing = 0;
		};
		8CCB64722DCDFBA000A5F813 /* Frameworks */ = {
			isa = PBXFrameworksBuildPhase;
			buildActionMask = 2147483647;
			files = (
			);
			runOnlyForDeploymentPostprocessing = 0;
		};
		8CCB647C2DCDFBA000A5F813 /* Frameworks */ = {
			isa = PBXFrameworksBuildPhase;
			buildActionMask = 2147483647;
			files = (
			);
			runOnlyForDeploymentPostprocessing = 0;
		};
/* End PBXFrameworksBuildPhase section */

/* Begin PBXGroup section */
		8CCB645C2DCDFB9D00A5F813 = {
			isa = PBXGroup;
			children = (
				8CCB64672DCDFB9D00A5F813 /* CatImageDemo */,
				8CCB64782DCDFBA000A5F813 /* CatImageDemoTests */,
				8CCB64822DCDFBA000A5F813 /* CatImageDemoUITests */,
				8CCB64662DCDFB9D00A5F813 /* Products */,
			);
			sourceTree = "<group>";
		};
		8CCB64662DCDFB9D00A5F813 /* Products */ = {
			isa = PBXGroup;
			children = (
				8CCB64652DCDFB9D00A5F813 /* CatImageDemo.app */,
				8CCB64752DCDFBA000A5F813 /* CatImageDemoTests.xctest */,
				8CCB647F2DCDFBA000A5F813 /* CatImageDemoUITests.xctest */,
			);
			name = Products;
			sourceTree = "<group>";
		};
/* End PBXGroup section */

/* Begin PBXNativeTarget section */
		8CCB64642DCDFB9D00A5F813 /* CatImageDemo */ = {
			isa = PBXNativeTarget;
			buildConfigurationList = 8CCB64892DCDFBA000A5F813 /* Build configuration list for PBXNativeTarget "CatImageDemo" */;
			buildPhases = (
				8CCB64612DCDFB9D00A5F813 /* Sources */,
				8CCB64622DCDFB9D00A5F813 /* Frameworks */,
				8CCB64632DCDFB9D00A5F813 /* Resources */,
			);
			buildRules = (
			);
			dependencies = (
			);
			fileSystemSynchronizedGroups = (
				8CCB64672DCDFB9D00A5F813 /* CatImageDemo */,
			);
			name = CatImageDemo;
			packageProductDependencies = (
			);
			productName = CatImageDemo;
			productReference = 8CCB64652DCDFB9D00A5F813 /* CatImageDemo.app */;
			productType = "com.apple.product-type.application";
		};
		8CCB64742DCDFBA000A5F813 /* CatImageDemoTests */ = {
			isa = PBXNativeTarget;
			buildConfigurationList = 8CCB648C2DCDFBA000A5F813 /* Build configuration list for PBXNativeTarget "CatImageDemoTests" */;
			buildPhases = (
				8CCB64712DCDFBA000A5F813 /* Sources */,
				8CCB64722DCDFBA000A5F813 /* Frameworks */,
				8CCB64732DCDFBA000A5F813 /* Resources */,
			);
			buildRules = (
			);
			dependencies = (
				8CCB64772DCDFBA000A5F813 /* PBXTargetDependency */,
			);
			fileSystemSynchronizedGroups = (
				8CCB64782DCDFBA000A5F813 /* CatImageDemoTests */,
			);
			name = CatImageDemoTests;
			packageProductDependencies = (
			);
			productName = CatImageDemoTests;
			productReference = 8CCB64752DCDFBA000A5F813 /* CatImageDemoTests.xctest */;
			productType = "com.apple.product-type.bundle.unit-test";
		};
		8CCB647E2DCDFBA000A5F813 /* CatImageDemoUITests */ = {
			isa = PBXNativeTarget;
			buildConfigurationList = 8CCB648F2DCDFBA000A5F813 /* Build configuration list for PBXNativeTarget "CatImageDemoUITests" */;
			buildPhases = (
				8CCB647B2DCDFBA000A5F813 /* Sources */,
				8CCB647C2DCDFBA000A5F813 /* Frameworks */,
				8CCB647D2DCDFBA000A5F813 /* Resources */,
			);
			buildRules = (
			);
			dependencies = (
				8CCB64812DCDFBA000A5F813 /* PBXTargetDependency */,
			);
			fileSystemSynchronizedGroups = (
				8CCB64822DCDFBA000A5F813 /* CatImageDemoUITests */,
			);
			name = CatImageDemoUITests;
			packageProductDependencies = (
			);
			productName = CatImageDemoUITests;
			productReference = 8CCB647F2DCDFBA000A5F813 /* CatImageDemoUITests.xctest */;
			productType = "com.apple.product-type.bundle.ui-testing";
		};
/* End PBXNativeTarget section */

/* Begin PBXProject section */
		8CCB645D2DCDFB9D00A5F813 /* Project object */ = {
			isa = PBXProject;
			attributes = {
				BuildIndependentTargetsInParallel = 1;
				LastSwiftUpdateCheck = 1620;
				LastUpgradeCheck = 1620;
				TargetAttributes = {
					8CCB64642DCDFB9D00A5F813 = {
						CreatedOnToolsVersion = 16.2;
					};
					8CCB64742DCDFBA000A5F813 = {
						CreatedOnToolsVersion = 16.2;
						TestTargetID = 8CCB64642DCDFB9D00A5F813;
					};
					8CCB647E2DCDFBA000A5F813 = {
						CreatedOnToolsVersion = 16.2;
						TestTargetID = 8CCB64642DCDFB9D00A5F813;
					};
				};
			};
			buildConfigurationList = 8CCB64602DCDFB9D00A5F813 /* Build configuration list for PBXProject "CatImageDemo" */;
			developmentRegion = en;
			hasScannedForEncodings = 0;
			knownRegions = (
				en,
				Base,
			);
			mainGroup = 8CCB645C2DCDFB9D00A5F813;
			minimizedProjectReferenceProxies = 1;
			preferredProjectObjectVersion = 77;
			productRefGroup = 8CCB64662DCDFB9D00A5F813 /* Products */;
			projectDirPath = "";
			projectRoot = "";
			targets = (
				8CCB64642DCDFB9D00A5F813 /* CatImageDemo */,
				8CCB64742DCDFBA000A5F813 /* CatImageDemoTests */,
				8CCB647E2DCDFBA000A5F813 /* CatImageDemoUITests */,
			);
		};
/* End PBXProject section */

/* Begin PBXResourcesBuildPhase section */
		8CCB64632DCDFB9D00A5F813 /* Resources */ = {
			isa = PBXResourcesBuildPhase;
			buildActionMask = 2147483647;
			files = (
			);
			runOnlyForDeploymentPostprocessing = 0;
		};
		8CCB64732DCDFBA000A5F813 /* Resources */ = {
			isa = PBXResourcesBuildPhase;
			buildActionMask = 2147483647;
			files = (
			);
			runOnlyForDeploymentPostprocessing = 0;
		};
		8CCB647D2DCDFBA000A5F813 /* Resources */ = {
			isa = PBXResourcesBuildPhase;
			buildActionMask = 2147483647;
			files = (
			);
			runOnlyForDeploymentPostprocessing = 0;
		};
/* End PBXResourcesBuildPhase section */

/* Begin PBXSourcesBuildPhase section */
		8CCB64612DCDFB9D00A5F813 /* Sources */ = {
			isa = PBXSourcesBuildPhase;
			buildActionMask = 2147483647;
			files = (
			);
			runOnlyForDeploymentPostprocessing = 0;
		};
		8CCB64712DCDFBA000A5F813 /* Sources */ = {
			isa = PBXSourcesBuildPhase;
			buildActionMask = 2147483647;
			files = (
			);
			runOnlyForDeploymentPostprocessing = 0;
		};
		8CCB647B2DCDFBA000A5F813 /* Sources */ = {
			isa = PBXSourcesBuildPhase;
			buildActionMask = 2147483647;
			files = (
			);
			runOnlyForDeploymentPostprocessing = 0;
		};
/* End PBXSourcesBuildPhase section */

/* Begin PBXTargetDependency section */
		8CCB64772DCDFBA000A5F813 /* PBXTargetDependency */ = {
			isa = PBXTargetDependency;
			target = 8CCB64642DCDFB9D00A5F813 /* CatImageDemo */;
			targetProxy = 8CCB64762DCDFBA000A5F813 /* PBXContainerItemProxy */;
		};
		8CCB64812DCDFBA000A5F813 /* PBXTargetDependency */ = {
			isa = PBXTargetDependency;
			target = 8CCB64642DCDFB9D00A5F813 /* CatImageDemo */;
			targetProxy = 8CCB64802DCDFBA000A5F813 /* PBXContainerItemProxy */;
		};
/* End PBXTargetDependency section */

/* Begin XCBuildConfiguration section */
		8CCB64872DCDFBA000A5F813 /* Debug */ = {
			isa = XCBuildConfiguration;
			baseConfigurationReferenceAnchor = 8CCB64672DCDFB9D00A5F813 /* CatImageDemo */;
			baseConfigurationReferenceRelativePath = Secrets.xcconfig;
			buildSettings = {
				ALWAYS_SEARCH_USER_PATHS = NO;
				ASSETCATALOG_COMPILER_GENERATE_SWIFT_ASSET_SYMBOL_EXTENSIONS = YES;
				CLANG_ANALYZER_NONNULL = YES;
				CLANG_ANALYZER_NUMBER_OBJECT_CONVERSION = YES_AGGRESSIVE;
				CLANG_CXX_LANGUAGE_STANDARD = "gnu++20";
				CLANG_ENABLE_MODULES = YES;
				CLANG_ENABLE_OBJC_ARC = YES;
				CLANG_ENABLE_OBJC_WEAK = YES;
				CLANG_WARN_BLOCK_CAPTURE_AUTORELEASING = YES;
				CLANG_WARN_BOOL_CONVERSION = YES;
				CLANG_WARN_COMMA = YES;
				CLANG_WARN_CONSTANT_CONVERSION = YES;
				CLANG_WARN_DEPRECATED_OBJC_IMPLEMENTATIONS = YES;
				CLANG_WARN_DIRECT_OBJC_ISA_USAGE = YES_ERROR;
				CLANG_WARN_DOCUMENTATION_COMMENTS = YES;
				CLANG_WARN_EMPTY_BODY = YES;
				CLANG_WARN_ENUM_CONVERSION = YES;
				CLANG_WARN_INFINITE_RECURSION = YES;
				CLANG_WARN_INT_CONVERSION = YES;
				CLANG_WARN_NON_LITERAL_NULL_CONVERSION = YES;
				CLANG_WARN_OBJC_IMPLICIT_RETAIN_SELF = YES;
				CLANG_WARN_OBJC_LITERAL_CONVERSION = YES;
				CLANG_WARN_OBJC_ROOT_CLASS = YES_ERROR;
				CLANG_WARN_QUOTED_INCLUDE_IN_FRAMEWORK_HEADER = YES;
				CLANG_WARN_RANGE_LOOP_ANALYSIS = YES;
				CLANG_WARN_STRICT_PROTOTYPES = YES;
				CLANG_WARN_SUSPICIOUS_MOVE = YES;
				CLANG_WARN_UNGUARDED_AVAILABILITY = YES_AGGRESSIVE;
				CLANG_WARN_UNREACHABLE_CODE = YES;
				CLANG_WARN__DUPLICATE_METHOD_MATCH = YES;
				COPY_PHASE_STRIP = NO;
				DEBUG_INFORMATION_FORMAT = dwarf;
				ENABLE_STRICT_OBJC_MSGSEND = YES;
				ENABLE_TESTABILITY = YES;
				ENABLE_USER_SCRIPT_SANDBOXING = YES;
				GCC_C_LANGUAGE_STANDARD = gnu17;
				GCC_DYNAMIC_NO_PIC = NO;
				GCC_NO_COMMON_BLOCKS = YES;
				GCC_OPTIMIZATION_LEVEL = 0;
				GCC_PREPROCESSOR_DEFINITIONS = (
					"DEBUG=1",
					"$(inherited)",
				);
				GCC_WARN_64_TO_32_BIT_CONVERSION = YES;
				GCC_WARN_ABOUT_RETURN_TYPE = YES_ERROR;
				GCC_WARN_UNDECLARED_SELECTOR = YES;
				GCC_WARN_UNINITIALIZED_AUTOS = YES_AGGRESSIVE;
				GCC_WARN_UNUSED_FUNCTION = YES;
				GCC_WARN_UNUSED_VARIABLE = YES;
				IPHONEOS_DEPLOYMENT_TARGET = 18.2;
				LOCALIZATION_PREFERS_STRING_CATALOGS = YES;
				MTL_ENABLE_DEBUG_INFO = INCLUDE_SOURCE;
				MTL_FAST_MATH = YES;
				ONLY_ACTIVE_ARCH = YES;
				SDKROOT = iphoneos;
				SWIFT_ACTIVE_COMPILATION_CONDITIONS = "DEBUG $(inherited)";
				SWIFT_OPTIMIZATION_LEVEL = "-Onone";
			};
			name = Debug;
		};
		8CCB64882DCDFBA000A5F813 /* Release */ = {
			isa = XCBuildConfiguration;
			baseConfigurationReferenceAnchor = 8CCB64672DCDFB9D00A5F813 /* CatImageDemo */;
			baseConfigurationReferenceRelativePath = Secrets.xcconfig;
			buildSettings = {
				ALWAYS_SEARCH_USER_PATHS = NO;
				ASSETCATALOG_COMPILER_GENERATE_SWIFT_ASSET_SYMBOL_EXTENSIONS = YES;
				CLANG_ANALYZER_NONNULL = YES;
				CLANG_ANALYZER_NUMBER_OBJECT_CONVERSION = YES_AGGRESSIVE;
				CLANG_CXX_LANGUAGE_STANDARD = "gnu++20";
				CLANG_ENABLE_MODULES = YES;
				CLANG_ENABLE_OBJC_ARC = YES;
				CLANG_ENABLE_OBJC_WEAK = YES;
				CLANG_WARN_BLOCK_CAPTURE_AUTORELEASING = YES;
				CLANG_WARN_BOOL_CONVERSION = YES;
				CLANG_WARN_COMMA = YES;
				CLANG_WARN_CONSTANT_CONVERSION = YES;
				CLANG_WARN_DEPRECATED_OBJC_IMPLEMENTATIONS = YES;
				CLANG_WARN_DIRECT_OBJC_ISA_USAGE = YES_ERROR;
				CLANG_WARN_DOCUMENTATION_COMMENTS = YES;
				CLANG_WARN_EMPTY_BODY = YES;
				CLANG_WARN_ENUM_CONVERSION = YES;
				CLANG_WARN_INFINITE_RECURSION = YES;
				CLANG_WARN_INT_CONVERSION = YES;
				CLANG_WARN_NON_LITERAL_NULL_CONVERSION = YES;
				CLANG_WARN_OBJC_IMPLICIT_RETAIN_SELF = YES;
				CLANG_WARN_OBJC_LITERAL_CONVERSION = YES;
				CLANG_WARN_OBJC_ROOT_CLASS = YES_ERROR;
				CLANG_WARN_QUOTED_INCLUDE_IN_FRAMEWORK_HEADER = YES;
				CLANG_WARN_RANGE_LOOP_ANALYSIS = YES;
				CLANG_WARN_STRICT_PROTOTYPES = YES;
				CLANG_WARN_SUSPICIOUS_MOVE = YES;
				CLANG_WARN_UNGUARDED_AVAILABILITY = YES_AGGRESSIVE;
				CLANG_WARN_UNREACHABLE_CODE = YES;
				CLANG_WARN__DUPLICATE_METHOD_MATCH = YES;
				COPY_PHASE_STRIP = NO;
				DEBUG_INFORMATION_FORMAT = "dwarf-with-dsym";
				ENABLE_NS_ASSERTIONS = NO;
				ENABLE_STRICT_OBJC_MSGSEND = YES;
				ENABLE_USER_SCRIPT_SANDBOXING = YES;
				GCC_C_LANGUAGE_STANDARD = gnu17;
				GCC_NO_COMMON_BLOCKS = YES;
				GCC_WARN_64_TO_32_BIT_CONVERSION = YES;
				GCC_WARN_ABOUT_RETURN_TYPE = YES_ERROR;
				GCC_WARN_UNDECLARED_SELECTOR = YES;
				GCC_WARN_UNINITIALIZED_AUTOS = YES_AGGRESSIVE;
				GCC_WARN_UNUSED_FUNCTION = YES;
				GCC_WARN_UNUSED_VARIABLE = YES;
				IPHONEOS_DEPLOYMENT_TARGET = 18.2;
				LOCALIZATION_PREFERS_STRING_CATALOGS = YES;
				MTL_ENABLE_DEBUG_INFO = NO;
				MTL_FAST_MATH = YES;
				SDKROOT = iphoneos;
				SWIFT_COMPILATION_MODE = wholemodule;
				VALIDATE_PRODUCT = YES;
			};
			name = Release;
		};
		8CCB648A2DCDFBA000A5F813 /* Debug */ = {
			isa = XCBuildConfiguration;
			buildSettings = {
				ASSETCATALOG_COMPILER_APPICON_NAME = AppIcon;
				ASSETCATALOG_COMPILER_GLOBAL_ACCENT_COLOR_NAME = AccentColor;
				CODE_SIGN_STYLE = Automatic;
				CURRENT_PROJECT_VERSION = 1;
				DEVELOPMENT_ASSET_PATHS = "\"CatImageDemo/Preview Content\"";
				ENABLE_PREVIEWS = YES;
				GENERATE_INFOPLIST_FILE = YES;
				INFOPLIST_FILE = CatImageDemo/Info.plist;
				INFOPLIST_KEY_UIApplicationSceneManifest_Generation = YES;
				INFOPLIST_KEY_UIApplicationSupportsIndirectInputEvents = YES;
				INFOPLIST_KEY_UILaunchScreen_Generation = YES;
				INFOPLIST_KEY_UISupportedInterfaceOrientations_iPad = "UIInterfaceOrientationPortrait UIInterfaceOrientationPortraitUpsideDown UIInterfaceOrientationLandscapeLeft UIInterfaceOrientationLandscapeRight";
				INFOPLIST_KEY_UISupportedInterfaceOrientations_iPhone = "UIInterfaceOrientationPortrait UIInterfaceOrientationLandscapeLeft UIInterfaceOrientationLandscapeRight";
				IPHONEOS_DEPLOYMENT_TARGET = 17.6;
				LD_RUNPATH_SEARCH_PATHS = (
					"$(inherited)",
					"@executable_path/Frameworks",
				);
				MARKETING_VERSION = 1.0;
				PRODUCT_BUNDLE_IDENTIFIER = Demo.com.CatImageDemo;
				PRODUCT_NAME = "$(TARGET_NAME)";
				SWIFT_EMIT_LOC_STRINGS = YES;
				SWIFT_VERSION = 5.0;
				TARGETED_DEVICE_FAMILY = "1,2";
			};
			name = Debug;
		};
		8CCB648B2DCDFBA000A5F813 /* Release */ = {
			isa = XCBuildConfiguration;
			buildSettings = {
				ASSETCATALOG_COMPILER_APPICON_NAME = AppIcon;
				ASSETCATALOG_COMPILER_GLOBAL_ACCENT_COLOR_NAME = AccentColor;
				CODE_SIGN_STYLE = Automatic;
				CURRENT_PROJECT_VERSION = 1;
				DEVELOPMENT_ASSET_PATHS = "\"CatImageDemo/Preview Content\"";
				ENABLE_PREVIEWS = YES;
				GENERATE_INFOPLIST_FILE = YES;
				INFOPLIST_FILE = CatImageDemo/Info.plist;
				INFOPLIST_KEY_UIApplicationSceneManifest_Generation = YES;
				INFOPLIST_KEY_UIApplicationSupportsIndirectInputEvents = YES;
				INFOPLIST_KEY_UILaunchScreen_Generation = YES;
				INFOPLIST_KEY_UISupportedInterfaceOrientations_iPad = "UIInterfaceOrientationPortrait UIInterfaceOrientationPortraitUpsideDown UIInterfaceOrientationLandscapeLeft UIInterfaceOrientationLandscapeRight";
				INFOPLIST_KEY_UISupportedInterfaceOrientations_iPhone = "UIInterfaceOrientationPortrait UIInterfaceOrientationLandscapeLeft UIInterfaceOrientationLandscapeRight";
				IPHONEOS_DEPLOYMENT_TARGET = 17.6;
				LD_RUNPATH_SEARCH_PATHS = (
					"$(inherited)",
					"@executable_path/Frameworks",
				);
				MARKETING_VERSION = 1.0;
				PRODUCT_BUNDLE_IDENTIFIER = Demo.com.CatImageDemo;
				PRODUCT_NAME = "$(TARGET_NAME)";
				SWIFT_EMIT_LOC_STRINGS = YES;
				SWIFT_VERSION = 5.0;
				TARGETED_DEVICE_FAMILY = "1,2";
			};
			name = Release;
		};
		8CCB648D2DCDFBA000A5F813 /* Debug */ = {
			isa = XCBuildConfiguration;
			buildSettings = {
				BUNDLE_LOADER = "$(TEST_HOST)";
				CODE_SIGN_STYLE = Automatic;
				CURRENT_PROJECT_VERSION = 1;
				GENERATE_INFOPLIST_FILE = YES;
				IPHONEOS_DEPLOYMENT_TARGET = 18.2;
				MARKETING_VERSION = 1.0;
				PRODUCT_BUNDLE_IDENTIFIER = Demo.com.CatImageDemoTests;
				PRODUCT_NAME = "$(TARGET_NAME)";
				SWIFT_EMIT_LOC_STRINGS = NO;
				SWIFT_VERSION = 5.0;
				TARGETED_DEVICE_FAMILY = "1,2";
				TEST_HOST = "$(BUILT_PRODUCTS_DIR)/CatImageDemo.app/$(BUNDLE_EXECUTABLE_FOLDER_PATH)/CatImageDemo";
			};
			name = Debug;
		};
		8CCB648E2DCDFBA000A5F813 /* Release */ = {
			isa = XCBuildConfiguration;
			buildSettings = {
				BUNDLE_LOADER = "$(TEST_HOST)";
				CODE_SIGN_STYLE = Automatic;
				CURRENT_PROJECT_VERSION = 1;
				GENERATE_INFOPLIST_FILE = YES;
				IPHONEOS_DEPLOYMENT_TARGET = 18.2;
				MARKETING_VERSION = 1.0;
				PRODUCT_BUNDLE_IDENTIFIER = Demo.com.CatImageDemoTests;
				PRODUCT_NAME = "$(TARGET_NAME)";
				SWIFT_EMIT_LOC_STRINGS = NO;
				SWIFT_VERSION = 5.0;
				TARGETED_DEVICE_FAMILY = "1,2";
				TEST_HOST = "$(BUILT_PRODUCTS_DIR)/CatImageDemo.app/$(BUNDLE_EXECUTABLE_FOLDER_PATH)/CatImageDemo";
			};
			name = Release;
		};
		8CCB64902DCDFBA000A5F813 /* Debug */ = {
			isa = XCBuildConfiguration;
			buildSettings = {
				CODE_SIGN_STYLE = Automatic;
				CURRENT_PROJECT_VERSION = 1;
				GENERATE_INFOPLIST_FILE = YES;
				MARKETING_VERSION = 1.0;
				PRODUCT_BUNDLE_IDENTIFIER = Demo.com.CatImageDemoUITests;
				PRODUCT_NAME = "$(TARGET_NAME)";
				SWIFT_EMIT_LOC_STRINGS = NO;
				SWIFT_VERSION = 5.0;
				TARGETED_DEVICE_FAMILY = "1,2";
				TEST_TARGET_NAME = CatImageDemo;
			};
			name = Debug;
		};
		8CCB64912DCDFBA000A5F813 /* Release */ = {
			isa = XCBuildConfiguration;
			buildSettings = {
				CODE_SIGN_STYLE = Automatic;
				CURRENT_PROJECT_VERSION = 1;
				GENERATE_INFOPLIST_FILE = YES;
				MARKETING_VERSION = 1.0;
				PRODUCT_BUNDLE_IDENTIFIER = Demo.com.CatImageDemoUITests;
				PRODUCT_NAME = "$(TARGET_NAME)";
				SWIFT_EMIT_LOC_STRINGS = NO;
				SWIFT_VERSION = 5.0;
				TARGETED_DEVICE_FAMILY = "1,2";
				TEST_TARGET_NAME = CatImageDemo;
			};
			name = Release;
		};
/* End XCBuildConfiguration section */

/* Begin XCConfigurationList section */
		8CCB64602DCDFB9D00A5F813 /* Build configuration list for PBXProject "CatImageDemo" */ = {
			isa = XCConfigurationList;
			buildConfigurations = (
				8CCB64872DCDFBA000A5F813 /* Debug */,
				8CCB64882DCDFBA000A5F813 /* Release */,
			);
			defaultConfigurationIsVisible = 0;
			defaultConfigurationName = Release;
		};
		8CCB64892DCDFBA000A5F813 /* Build configuration list for PBXNativeTarget "CatImageDemo" */ = {
			isa = XCConfigurationList;
			buildConfigurations = (
				8CCB648A2DCDFBA000A5F813 /* Debug */,
				8CCB648B2DCDFBA000A5F813 /* Release */,
			);
			defaultConfigurationIsVisible = 0;
			defaultConfigurationName = Release;
		};
		8CCB648C2DCDFBA000A5F813 /* Build configuration list for PBXNativeTarget "CatImageDemoTests" */ = {
			isa = XCConfigurationList;
			buildConfigurations = (
				8CCB648D2DCDFBA000A5F813 /* Debug */,
				8CCB648E2DCDFBA000A5F813 /* Release */,
			);
			defaultConfigurationIsVisible = 0;
			defaultConfigurationName = Release;
		};
		8CCB648F2DCDFBA000A5F813 /* Build configuration list for PBXNativeTarget "CatImageDemoUITests" */ = {
			isa = XCConfigurationList;
			buildConfigurations = (
				8CCB64902DCDFBA000A5F813 /* Debug */,
				8CCB64912DCDFBA000A5F813 /* Release */,
			);
			defaultConfigurationIsVisible = 0;
			defaultConfigurationName = Release;
		};
/* End XCConfigurationList section */
	};
	rootObject = 8CCB645D2DCDFB9D00A5F813 /* Project object */;
}
